
Microsoft Visual Studio Solution File, Format Version 12.00
# Visual Studio Version 17
VisualStudioVersion = 17.14.36717.8
MinimumVisualStudioVersion = 10.0.40219.1
Project("{2150E333-8FDC-42A3-9474-1A3956D46DE8}") = "Services", "Services", "{02EA681E-C7D8-13C7-8484-4AC65E1B71E8}"
EndProject
Project("{2150E333-8FDC-42A3-9474-1A3956D46DE8}") = "Catalog", "Catalog", "{EBBE7805-634F-4890-A83F-7489E41A5760}"
EndProject
Project("{FAE04EC0-301F-11D3-BF4B-00C04F79EFBC}") = "Catalog.API", "Services\Catalog\Catalog.API\Catalog.API.csproj", "{81332013-A014-4A4F-B791-E75DC2F7D4D2}"
EndProject
Project("{2150E333-8FDC-42A3-9474-1A3956D46DE8}") = "BuildingBlocks", "BuildingBlocks", "{7C065D1E-8091-4C51-9236-34037458B272}"
EndProject
Project("{FAE04EC0-301F-11D3-BF4B-00C04F79EFBC}") = "BuildingBlocks", "BuildingBlocks\BuildingBlocks\BuildingBlocks.csproj", "{B536212F-8CA6-44D1-A605-346143966B0D}"
EndProject
Project("{E53339B2-1760-4266-BCC7-CA923CBCF16C}") = "docker-compose", "docker-compose.dcproj", "{81DDED9D-158B-E303-5F62-77A2896D2A5A}"
EndProject
Project("{2150E333-8FDC-42A3-9474-1A3956D46DE8}") = "Basket", "Basket", "{4C49182C-67F4-4676-A787-150A2A13BBCD}"
EndProject
Project("{FAE04EC0-301F-11D3-BF4B-00C04F79EFBC}") = "Basket.API", "Services\Basket\Basket.API\Basket.API.csproj", "{2B5871F0-8DB5-4EEB-9DCD-9D9908E4265B}"
EndProject
Project("{2150E333-8FDC-42A3-9474-1A3956D46DE8}") = "Discount", "Discount", "{4E5E035F-296F-4C5B-B161-F61E52DD8C98}"
EndProject
Project("{FAE04EC0-301F-11D3-BF4B-00C04F79EFBC}") = "Discount.Grpc", "Services\Discount\Discount.Grpc\Discount.Grpc.csproj", "{CBBF5920-9565-4C51-8957-1EF83912C5B1}"
EndProject
Project("{2150E333-8FDC-42A3-9474-1A3956D46DE8}") = "Ordering", "Ordering", "{4DAE9E22-73C9-45D6-A79A-EF127C9825DA}"
EndProject
Project("{FAE04EC0-301F-11D3-BF4B-00C04F79EFBC}") = "Ordering.API", "Services\Ordering\Ordering.API\Ordering.API.csproj", "{F7767103-375E-4B4D-9A8A-71A959369695}"
EndProject
Project("{FAE04EC0-301F-11D3-BF4B-00C04F79EFBC}") = "Ordering.Domain", "Services\Ordering\Ordering.Domain\Ordering.Domain.csproj", "{87844180-FD9C-4DA5-8023-204DB4F427D4}"
EndProject
Project("{FAE04EC0-301F-11D3-BF4B-00C04F79EFBC}") = "Ordering.Application", "Services\Ordering\Ordering.Application\Ordering.Application.csproj", "{54D60759-05C7-4257-B72D-75F9E8CCB889}"
EndProject
Project("{FAE04EC0-301F-11D3-BF4B-00C04F79EFBC}") = "Ordering.Infrastructure", "Services\Ordering\Ordering.Infrastructure\Ordering.Infrastructure.csproj", "{995EA734-AB2F-4724-A3B3-49881D8E0263}"
EndProject
Project("{FAE04EC0-301F-11D3-BF4B-00C04F79EFBC}") = "BuildingBlocks.Messaging", "BuildingBlocks\BuildingBlocks.Messaging\BuildingBlocks.Messaging.csproj", "{09AEDD28-D43A-48A7-8663-8B3CB7A63B48}"
EndProject
Global
	GlobalSection(SolutionConfigurationPlatforms) = preSolution
		Debug|Any CPU = Debug|Any CPU
		Release|Any CPU = Release|Any CPU
	EndGlobalSection
	GlobalSection(ProjectConfigurationPlatforms) = postSolution
		{81332013-A014-4A4F-B791-E75DC2F7D4D2}.Debug|Any CPU.ActiveCfg = Debug|Any CPU
		{81332013-A014-4A4F-B791-E75DC2F7D4D2}.Debug|Any CPU.Build.0 = Debug|Any CPU
		{81332013-A014-4A4F-B791-E75DC2F7D4D2}.Release|Any CPU.ActiveCfg = Release|Any CPU
		{81332013-A014-4A4F-B791-E75DC2F7D4D2}.Release|Any CPU.Build.0 = Release|Any CPU
		{B536212F-8CA6-44D1-A605-346143966B0D}.Debug|Any CPU.ActiveCfg = Debug|Any CPU
		{B536212F-8CA6-44D1-A605-346143966B0D}.Debug|Any CPU.Build.0 = Debug|Any CPU
		{B536212F-8CA6-44D1-A605-346143966B0D}.Release|Any CPU.ActiveCfg = Release|Any CPU
		{B536212F-8CA6-44D1-A605-346143966B0D}.Release|Any CPU.Build.0 = Release|Any CPU
		{81DDED9D-158B-E303-5F62-77A2896D2A5A}.Debug|Any CPU.ActiveCfg = Debug|Any CPU
		{81DDED9D-158B-E303-5F62-77A2896D2A5A}.Debug|Any CPU.Build.0 = Debug|Any CPU
		{81DDED9D-158B-E303-5F62-77A2896D2A5A}.Release|Any CPU.ActiveCfg = Release|Any CPU
		{81DDED9D-158B-E303-5F62-77A2896D2A5A}.Release|Any CPU.Build.0 = Release|Any CPU
		{2B5871F0-8DB5-4EEB-9DCD-9D9908E4265B}.Debug|Any CPU.ActiveCfg = Debug|Any CPU
		{2B5871F0-8DB5-4EEB-9DCD-9D9908E4265B}.Debug|Any CPU.Build.0 = Debug|Any CPU
		{2B5871F0-8DB5-4EEB-9DCD-9D9908E4265B}.Release|Any CPU.ActiveCfg = Release|Any CPU
		{2B5871F0-8DB5-4EEB-9DCD-9D9908E4265B}.Release|Any CPU.Build.0 = Release|Any CPU
		{CBBF5920-9565-4C51-8957-1EF83912C5B1}.Debug|Any CPU.ActiveCfg = Debug|Any CPU
		{CBBF5920-9565-4C51-8957-1EF83912C5B1}.Debug|Any CPU.Build.0 = Debug|Any CPU
		{CBBF5920-9565-4C51-8957-1EF83912C5B1}.Release|Any CPU.ActiveCfg = Release|Any CPU
		{CBBF5920-9565-4C51-8957-1EF83912C5B1}.Release|Any CPU.Build.0 = Release|Any CPU
		{F7767103-375E-4B4D-9A8A-71A959369695}.Debug|Any CPU.ActiveCfg = Debug|Any CPU
		{F7767103-375E-4B4D-9A8A-71A959369695}.Debug|Any CPU.Build.0 = Debug|Any CPU
		{F7767103-375E-4B4D-9A8A-71A959369695}.Release|Any CPU.ActiveCfg = Release|Any CPU
		{F7767103-375E-4B4D-9A8A-71A959369695}.Release|Any CPU.Build.0 = Release|Any CPU
		{87844180-FD9C-4DA5-8023-204DB4F427D4}.Debug|Any CPU.ActiveCfg = Debug|Any CPU
		{87844180-FD9C-4DA5-8023-204DB4F427D4}.Debug|Any CPU.Build.0 = Debug|Any CPU
		{87844180-FD9C-4DA5-8023-204DB4F427D4}.Release|Any CPU.ActiveCfg = Release|Any CPU
		{87844180-FD9C-4DA5-8023-204DB4F427D4}.Release|Any CPU.Build.0 = Release|Any CPU
		{54D60759-05C7-4257-B72D-75F9E8CCB889}.Debug|Any CPU.ActiveCfg = Debug|Any CPU
		{54D60759-05C7-4257-B72D-75F9E8CCB889}.Debug|Any CPU.Build.0 = Debug|Any CPU
		{54D60759-05C7-4257-B72D-75F9E8CCB889}.Release|Any CPU.ActiveCfg = Release|Any CPU
		{54D60759-05C7-4257-B72D-75F9E8CCB889}.Release|Any CPU.Build.0 = Release|Any CPU
		{995EA734-AB2F-4724-A3B3-49881D8E0263}.Debug|Any CPU.ActiveCfg = Debug|Any CPU
		{995EA734-AB2F-4724-A3B3-49881D8E0263}.Debug|Any CPU.Build.0 = Debug|Any CPU
		{995EA734-AB2F-4724-A3B3-49881D8E0263}.Release|Any CPU.ActiveCfg = Release|Any CPU
		{995EA734-AB2F-4724-A3B3-49881D8E0263}.Release|Any CPU.Build.0 = Release|Any CPU
		{09AEDD28-D43A-48A7-8663-8B3CB7A63B48}.Debug|Any CPU.ActiveCfg = Debug|Any CPU
		{09AEDD28-D43A-48A7-8663-8B3CB7A63B48}.Debug|Any CPU.Build.0 = Debug|Any CPU
		{09AEDD28-D43A-48A7-8663-8B3CB7A63B48}.Release|Any CPU.ActiveCfg = Release|Any CPU
		{09AEDD28-D43A-48A7-8663-8B3CB7A63B48}.Release|Any CPU.Build.0 = Release|Any CPU
	EndGlobalSection
	GlobalSection(SolutionProperties) = preSolution
		HideSolutionNode = FALSE
	EndGlobalSection
	GlobalSection(NestedProjects) = preSolution
		{EBBE7805-634F-4890-A83F-7489E41A5760} = {02EA681E-C7D8-13C7-8484-4AC65E1B71E8}
		{81332013-A014-4A4F-B791-E75DC2F7D4D2} = {EBBE7805-634F-4890-A83F-7489E41A5760}
		{B536212F-8CA6-44D1-A605-346143966B0D} = {7C065D1E-8091-4C51-9236-34037458B272}
		{4C49182C-67F4-4676-A787-150A2A13BBCD} = {02EA681E-C7D8-13C7-8484-4AC65E1B71E8}
		{2B5871F0-8DB5-4EEB-9DCD-9D9908E4265B} = {4C49182C-67F4-4676-A787-150A2A13BBCD}
		{4E5E035F-296F-4C5B-B161-F61E52DD8C98} = {02EA681E-C7D8-13C7-8484-4AC65E1B71E8}
		{CBBF5920-9565-4C51-8957-1EF83912C5B1} = {4E5E035F-296F-4C5B-B161-F61E52DD8C98}
		{4DAE9E22-73C9-45D6-A79A-EF127C9825DA} = {02EA681E-C7D8-13C7-8484-4AC65E1B71E8}
		{F7767103-375E-4B4D-9A8A-71A959369695} = {4DAE9E22-73C9-45D6-A79A-EF127C9825DA}
		{87844180-FD9C-4DA5-8023-204DB4F427D4} = {4DAE9E22-73C9-45D6-A79A-EF127C9825DA}
		{54D60759-05C7-4257-B72D-75F9E8CCB889} = {4DAE9E22-73C9-45D6-A79A-EF127C9825DA}
		{995EA734-AB2F-4724-A3B3-49881D8E0263} = {4DAE9E22-73C9-45D6-A79A-EF127C9825DA}
		{09AEDD28-D43A-48A7-8663-8B3CB7A63B48} = {7C065D1E-8091-4C51-9236-34037458B272}
	EndGlobalSection
	GlobalSection(ExtensibilityGlobals) = postSolution
		SolutionGuid = {5F902459-3022-415B-9675-4678D5B9075F}
	EndGlobalSection
EndGlobal
